
Microsoft Visual Studio Solution File, Format Version 12.00
# Visual Studio Version 17
VisualStudioVersion = 17.2.32616.157
MinimumVisualStudioVersion = 10.0.40219.1
Project("{FAE04EC0-301F-11D3-BF4B-00C04F79EFBC}") = "IntranetAC", "IntranetAC\IntranetAC.csproj", "{867DF41A-8316-4159-B7D2-362AAFFD000D}"
EndProject
Project("{FAE04EC0-301F-11D3-BF4B-00C04F79EFBC}") = "IntranetAC.AccesoDatos", "IntranetAC.AccesoDatos\IntranetAC.AccesoDatos.csproj", "{A5721368-1521-4183-91B5-540B3E635DEB}"
EndProject
Project("{FAE04EC0-301F-11D3-BF4B-00C04F79EFBC}") = "IntranetAC.Utilidades", "IntranetAC.Utilidades\IntranetAC.Utilidades.csproj", "{204A6AC5-6130-4EE0-99F1-85A2775C1827}"
EndProject
Project("{FAE04EC0-301F-11D3-BF4B-00C04F79EFBC}") = "IntranetAC.Modelos", "IntranetAC.Modelos\IntranetAC.Modelos.csproj", "{B04175C4-AF86-4498-82C5-EBBAFA7DA5C5}"
EndProject
Global
	GlobalSection(SolutionConfigurationPlatforms) = preSolution
		Debug|Any CPU = Debug|Any CPU
		Release|Any CPU = Release|Any CPU
	EndGlobalSection
	GlobalSection(ProjectConfigurationPlatforms) = postSolution
		{867DF41A-8316-4159-B7D2-362AAFFD000D}.Debug|Any CPU.ActiveCfg = Debug|Any CPU
		{867DF41A-8316-4159-B7D2-362AAFFD000D}.Debug|Any CPU.Build.0 = Debug|Any CPU
		{867DF41A-8316-4159-B7D2-362AAFFD000D}.Release|Any CPU.ActiveCfg = Release|Any CPU
		{867DF41A-8316-4159-B7D2-362AAFFD000D}.Release|Any CPU.Build.0 = Release|Any CPU
		{A5721368-1521-4183-91B5-540B3E635DEB}.Debug|Any CPU.ActiveCfg = Debug|Any CPU
		{A5721368-1521-4183-91B5-540B3E635DEB}.Debug|Any CPU.Build.0 = Debug|Any CPU
		{A5721368-1521-4183-91B5-540B3E635DEB}.Release|Any CPU.ActiveCfg = Release|Any CPU
		{A5721368-1521-4183-91B5-540B3E635DEB}.Release|Any CPU.Build.0 = Release|Any CPU
		{204A6AC5-6130-4EE0-99F1-85A2775C1827}.Debug|Any CPU.ActiveCfg = Debug|Any CPU
		{204A6AC5-6130-4EE0-99F1-85A2775C1827}.Debug|Any CPU.Build.0 = Debug|Any CPU
		{204A6AC5-6130-4EE0-99F1-85A2775C1827}.Release|Any CPU.ActiveCfg = Release|Any CPU
		{204A6AC5-6130-4EE0-99F1-85A2775C1827}.Release|Any CPU.Build.0 = Release|Any CPU
		{B04175C4-AF86-4498-82C5-EBBAFA7DA5C5}.Debug|Any CPU.ActiveCfg = Debug|Any CPU
		{B04175C4-AF86-4498-82C5-EBBAFA7DA5C5}.Debug|Any CPU.Build.0 = Debug|Any CPU
		{B04175C4-AF86-4498-82C5-EBBAFA7DA5C5}.Release|Any CPU.ActiveCfg = Release|Any CPU
		{B04175C4-AF86-4498-82C5-EBBAFA7DA5C5}.Release|Any CPU.Build.0 = Release|Any CPU
	EndGlobalSection
	GlobalSection(SolutionProperties) = preSolution
		HideSolutionNode = FALSE
	EndGlobalSection
	GlobalSection(ExtensibilityGlobals) = postSolution
		SolutionGuid = {1A9ED913-F655-4B7F-A830-4F72043827AB}
	EndGlobalSection
EndGlobal
